
Microsoft Visual Studio Solution File, Format Version 12.00
# Visual Studio Version 16
VisualStudioVersion = 16.0.32228.343
MinimumVisualStudioVersion = 10.0.40219.1
Project("{FAE04EC0-301F-11D3-BF4B-00C04F79EFBC}") = "qlthongtinsv", "qlthongtinsv\qlthongtinsv.csproj", "{BF132480-C53D-4898-A590-63076AF152CC}"
EndProject
Global
	GlobalSection(SolutionConfigurationPlatforms) = preSolution
		Debug|Any CPU = Debug|Any CPU
		Release|Any CPU = Release|Any CPU
	EndGlobalSection
	GlobalSection(ProjectConfigurationPlatforms) = postSolution
		{BF132480-C53D-4898-A590-63076AF152CC}.Debug|Any CPU.ActiveCfg = Debug|Any CPU
		{BF132480-C53D-4898-A590-63076AF152CC}.Debug|Any CPU.Build.0 = Debug|Any CPU
		{BF132480-C53D-4898-A590-63076AF152CC}.Release|Any CPU.ActiveCfg = Release|Any CPU
		{BF132480-C53D-4898-A590-63076AF152CC}.Release|Any CPU.Build.0 = Release|Any CPU
	EndGlobalSection
	GlobalSection(SolutionProperties) = preSolution
		HideSolutionNode = FALSE
	EndGlobalSection
	GlobalSection(ExtensibilityGlobals) = postSolution
		SolutionGuid = {0CB8B15A-C73A-4C98-B911-FE7E643AD34B}
	EndGlobalSection
EndGlobal
